github.com/bernerdschaefer/eventsource v0.0.0-20130606115634-220e99a79763 h1:Xhc57KuvOszD8WMiNzIeTfmpfUJ9lodF/j/cTN0v0Is=
github.com/bernerdschaefer/eventsource v0.0.0-20130606115634-220e99a79763/go.mod h1:Son4chyIHRln8G19kywUdR55p9OsyCC0zi9CY9Me92k=
github.com/davecgh/go-spew v1.1.0 h1:ZDRjVQ15GmhC3fiQ8ni8+OwkZQO4DARzQgrnXU1Liz8=
github.com/davecgh/go-spew v1.1.0/go.mod h1:J7Y8YcW2NihsgmVo/mv3lAwl/skON4iLHjSsI+c5H38=
github.com/google/go-querystring v1.0.0 h1:Xkwi/a1rcvNg1PPYe5vI8GbeBY/jrVuDX5ASuANWTrk=
github.com/google/go-querystring v1.0.0/go.mod h1:odCYkC5MyYFN7vkCjXpyrEuKhc/BUO6wN/zVPAxq5ck=
github.com/pmezard/go-difflib v1.0.0 h1:4DBwDE0NGyQoBHbLQYPwSUPoCMWR5BEzIk/f1lZbAQM=
github.com/pmezard/go-difflib v1.0.0/go.mod h1:iKH77koFhYxTK1pcRnkKkqfTogsbg7gZNVY4sRDYZ/4=
github.com/rickar/cal v1.0.1 h1:Tyjkk4sBvVC3gcXCgLowEM53R2eVfFcoi1gtQuocrmk=
github.com/rickar/cal v1.0.1/go.mod h1:3GBx8OBrvh4/y/JTxM0e1bUUIHMnqILl1rMANHWExxQ=
github.com/stretchr/objx v0.1.0/go.mod h1:HFkY916IF+rwdDfMAkV7OtwuqBVzrE8GR6GFx+wExME=
github.com/stretchr/testify v1.3.0 h1:TivCn/peBQ7UY8ooIcPgZFpTNSz0Q2U6UrFlUfqbe0Q=
github.com/stretchr/testify v1.3.0/go.mod h1:M5WIy9Dh21IEIfnGCwXGc5bZfKNJtfHm1UVUgZn+9EI=
github.com/wm/go-flowdock v0.0.0-20171019142228-93c0a78fc14f h1:bMKDwrWjRoUlTkA8us8LLcXGzid5QpQOrlOSrxcTTGY=
github.com/wm/go-flowdock v0.0.0-20171019142228-93c0a78fc14f/go.mod h1:fUeRIYRxeVSHXGXDbKPU535C4vBlBGYbAlWkf/V/O1s=
gopkg.in/go-playground/webhooks.v5 v5.12.0 h1:S2Y6ANK+4arKgdA/gQ1PBtj4agZNT4KhQmaqIPTsnxY=
gopkg.in/go-playground/webhooks.v5 v5.12.0/go.mod h1:LZbya/qLVdbqDR1aKrGuWV6qbia2zCYSR5dpom2SInQ=
